// !$*UTF8*$!
{
	archiveVersion = 1;
	classes = {
	};
	objectVersion = 48;
	objects = {

/* Begin PBXBuildFile section */
		50572BB51FCEE08D0098F515 /* TMCategory.m in Sources */ = {isa = PBXBuildFile; fileRef = 50572BB41FCEE08D0098F515 /* TMCategory.m */; };
		50572BB81FD02D6D0098F515 /* TMListings.m in Sources */ = {isa = PBXBuildFile; fileRef = 50572BB71FD02D6D0098F515 /* TMListings.m */; };
		50572BBC1FD299320098F515 /* TMListingDetails.m in Sources */ = {isa = PBXBuildFile; fileRef = 50572BBB1FD299320098F515 /* TMListingDetails.m */; };
		50572BBF1FD2A3FB0098F515 /* ListingDetailsViewController.m in Sources */ = {isa = PBXBuildFile; fileRef = 50572BBE1FD2A3FB0098F515 /* ListingDetailsViewController.m */; };
		50FF4F421FCECFDA0005FCA1 /* AppDelegate.m in Sources */ = {isa = PBXBuildFile; fileRef = 50FF4F411FCECFDA0005FCA1 /* AppDelegate.m */; };
		50FF4F451FCECFDA0005FCA1 /* CategoryViewController.m in Sources */ = {isa = PBXBuildFile; fileRef = 50FF4F441FCECFDA0005FCA1 /* CategoryViewController.m */; };
		50FF4F481FCECFDA0005FCA1 /* ListingsViewController.m in Sources */ = {isa = PBXBuildFile; fileRef = 50FF4F471FCECFDA0005FCA1 /* ListingsViewController.m */; };
		50FF4F4B1FCECFDA0005FCA1 /* Main.storyboard in Resources */ = {isa = PBXBuildFile; fileRef = 50FF4F491FCECFDA0005FCA1 /* Main.storyboard */; };
		50FF4F4D1FCECFDA0005FCA1 /* Assets.xcassets in Resources */ = {isa = PBXBuildFile; fileRef = 50FF4F4C1FCECFDA0005FCA1 /* Assets.xcassets */; };
		50FF4F501FCECFDA0005FCA1 /* LaunchScreen.storyboard in Resources */ = {isa = PBXBuildFile; fileRef = 50FF4F4E1FCECFDA0005FCA1 /* LaunchScreen.storyboard */; };
		50FF4F531FCECFDA0005FCA1 /* main.m in Sources */ = {isa = PBXBuildFile; fileRef = 50FF4F521FCECFDA0005FCA1 /* main.m */; };
/* End PBXBuildFile section */

/* Begin PBXFileReference section */
		50572BB31FCEE08D0098F515 /* TMCategory.h */ = {isa = PBXFileReference; lastKnownFileType = sourcecode.c.h; path = TMCategory.h; sourceTree = "<group>"; };
		50572BB41FCEE08D0098F515 /* TMCategory.m */ = {isa = PBXFileReference; lastKnownFileType = sourcecode.c.objc; path = TMCategory.m; sourceTree = "<group>"; };
		50572BB61FD02D6D0098F515 /* TMListings.h */ = {isa = PBXFileReference; lastKnownFileType = sourcecode.c.h; path = TMListings.h; sourceTree = "<group>"; };
		50572BB71FD02D6D0098F515 /* TMListings.m */ = {isa = PBXFileReference; lastKnownFileType = sourcecode.c.objc; path = TMListings.m; sourceTree = "<group>"; };
		50572BB91FD192D20098F515 /* TMErrors.h */ = {isa = PBXFileReference; lastKnownFileType = sourcecode.c.h; path = TMErrors.h; sourceTree = "<group>"; };
		50572BBA1FD299320098F515 /* TMListingDetails.h */ = {isa = PBXFileReference; lastKnownFileType = sourcecode.c.h; path = TMListingDetails.h; sourceTree = "<group>"; };
		50572BBB1FD299320098F515 /* TMListingDetails.m */ = {isa = PBXFileReference; lastKnownFileType = sourcecode.c.objc; path = TMListingDetails.m; sourceTree = "<group>"; };
		50572BBD1FD2A3FB0098F515 /* ListingDetailsViewController.h */ = {isa = PBXFileReference; lastKnownFileType = sourcecode.c.h; path = ListingDetailsViewController.h; sourceTree = "<group>"; };
		50572BBE1FD2A3FB0098F515 /* ListingDetailsViewController.m */ = {isa = PBXFileReference; lastKnownFileType = sourcecode.c.objc; path = ListingDetailsViewController.m; sourceTree = "<group>"; };
		50FF4F3D1FCECFDA0005FCA1 /* TradeMeTest.app */ = {isa = PBXFileReference; explicitFileType = wrapper.application; includeInIndex = 0; path = TradeMeTest.app; sourceTree = BUILT_PRODUCTS_DIR; };
		50FF4F401FCECFDA0005FCA1 /* AppDelegate.h */ = {isa = PBXFileReference; lastKnownFileType = sourcecode.c.h; path = AppDelegate.h; sourceTree = "<group>"; };
		50FF4F411FCECFDA0005FCA1 /* AppDelegate.m */ = {isa = PBXFileReference; lastKnownFileType = sourcecode.c.objc; path = AppDelegate.m; sourceTree = "<group>"; };
		50FF4F431FCECFDA0005FCA1 /* CategoryViewController.h */ = {isa = PBXFileReference; lastKnownFileType = sourcecode.c.h; path = CategoryViewController.h; sourceTree = "<group>"; };
		50FF4F441FCECFDA0005FCA1 /* CategoryViewController.m */ = {isa = PBXFileReference; lastKnownFileType = sourcecode.c.objc; path = CategoryViewController.m; sourceTree = "<group>"; };
		50FF4F461FCECFDA0005FCA1 /* ListingsViewController.h */ = {isa = PBXFileReference; lastKnownFileType = sourcecode.c.h; path = ListingsViewController.h; sourceTree = "<group>"; };
		50FF4F471FCECFDA0005FCA1 /* ListingsViewController.m */ = {isa = PBXFileReference; lastKnownFileType = sourcecode.c.objc; path = ListingsViewController.m; sourceTree = "<group>"; };
		50FF4F4A1FCECFDA0005FCA1 /* Base */ = {isa = PBXFileReference; lastKnownFileType = file.storyboard; name = Base; path = Base.lproj/Main.storyboard; sourceTree = "<group>"; };
		50FF4F4C1FCECFDA0005FCA1 /* Assets.xcassets */ = {isa = PBXFileReference; lastKnownFileType = folder.assetcatalog; path = Assets.xcassets; sourceTree = "<group>"; };
		50FF4F4F1FCECFDA0005FCA1 /* Base */ = {isa = PBXFileReference; lastKnownFileType = file.storyboard; name = Base; path = Base.lproj/LaunchScreen.storyboard; sourceTree = "<group>"; };
		50FF4F511FCECFDA0005FCA1 /* Info.plist */ = {isa = PBXFileReference; lastKnownFileType = text.plist.xml; path = Info.plist; sourceTree = "<group>"; };
		50FF4F521FCECFDA0005FCA1 /* main.m */ = {isa = PBXFileReference; lastKnownFileType = sourcecode.c.objc; path = main.m; sourceTree = "<group>"; };
/* End PBXFileReference section */

/* Begin PBXFrameworksBuildPhase section */
		50FF4F3A1FCECFDA0005FCA1 /* Frameworks */ = {
			isa = PBXFrameworksBuildPhase;
			buildActionMask = 2147483647;
			files = (
			);
			runOnlyForDeploymentPostprocessing = 0;
		};
/* End PBXFrameworksBuildPhase section */

/* Begin PBXGroup section */
		50572BAF1FCEE0280098F515 /* Model */ = {
			isa = PBXGroup;
			children = (
				50572BB91FD192D20098F515 /* TMErrors.h */,
				50572BB31FCEE08D0098F515 /* TMCategory.h */,
				50572BB41FCEE08D0098F515 /* TMCategory.m */,
				50572BB61FD02D6D0098F515 /* TMListings.h */,
				50572BB71FD02D6D0098F515 /* TMListings.m */,
				50572BBA1FD299320098F515 /* TMListingDetails.h */,
				50572BBB1FD299320098F515 /* TMListingDetails.m */,
			);
			path = Model;
			sourceTree = "<group>";
		};
		50FF4F341FCECFDA0005FCA1 = {
			isa = PBXGroup;
			children = (
				50FF4F3F1FCECFDA0005FCA1 /* TradeMeTest */,
				50FF4F3E1FCECFDA0005FCA1 /* Products */,
			);
			sourceTree = "<group>";
		};
		50FF4F3E1FCECFDA0005FCA1 /* Products */ = {
			isa = PBXGroup;
			children = (
				50FF4F3D1FCECFDA0005FCA1 /* TradeMeTest.app */,
			);
			name = Products;
			sourceTree = "<group>";
		};
		50FF4F3F1FCECFDA0005FCA1 /* TradeMeTest */ = {
			isa = PBXGroup;
			children = (
				50572BAF1FCEE0280098F515 /* Model */,
				50FF4F401FCECFDA0005FCA1 /* AppDelegate.h */,
				50FF4F411FCECFDA0005FCA1 /* AppDelegate.m */,
				50FF4F431FCECFDA0005FCA1 /* CategoryViewController.h */,
				50FF4F441FCECFDA0005FCA1 /* CategoryViewController.m */,
				50FF4F461FCECFDA0005FCA1 /* ListingsViewController.h */,
				50FF4F471FCECFDA0005FCA1 /* ListingsViewController.m */,
				50572BBD1FD2A3FB0098F515 /* ListingDetailsViewController.h */,
				50572BBE1FD2A3FB0098F515 /* ListingDetailsViewController.m */,
				50FF4F491FCECFDA0005FCA1 /* Main.storyboard */,
				50FF4F4C1FCECFDA0005FCA1 /* Assets.xcassets */,
				50FF4F4E1FCECFDA0005FCA1 /* LaunchScreen.storyboard */,
				50FF4F511FCECFDA0005FCA1 /* Info.plist */,
				50FF4F521FCECFDA0005FCA1 /* main.m */,
			);
			path = TradeMeTest;
			sourceTree = "<group>";
		};
/* End PBXGroup section */

/* Begin PBXNativeTarget section */
		50FF4F3C1FCECFDA0005FCA1 /* TradeMeTest */ = {
			isa = PBXNativeTarget;
			buildConfigurationList = 50FF4F561FCECFDA0005FCA1 /* Build configuration list for PBXNativeTarget "TradeMeTest" */;
			buildPhases = (
				50FF4F391FCECFDA0005FCA1 /* Sources */,
				50FF4F3A1FCECFDA0005FCA1 /* Frameworks */,
				50FF4F3B1FCECFDA0005FCA1 /* Resources */,
			);
			buildRules = (
			);
			dependencies = (
			);
			name = TradeMeTest;
			productName = TradeMeTest;
			productReference = 50FF4F3D1FCECFDA0005FCA1 /* TradeMeTest.app */;
			productType = "com.apple.product-type.application";
		};
/* End PBXNativeTarget section */

/* Begin PBXProject section */
		50FF4F351FCECFDA0005FCA1 /* Project object */ = {
			isa = PBXProject;
			attributes = {
				LastUpgradeCheck = 0910;
				ORGANIZATIONNAME = "Serhii Simkovskyi";
				TargetAttributes = {
					50FF4F3C1FCECFDA0005FCA1 = {
						CreatedOnToolsVersion = 9.1;
						ProvisioningStyle = Automatic;
					};
				};
			};
			buildConfigurationList = 50FF4F381FCECFDA0005FCA1 /* Build configuration list for PBXProject "TradeMeTest" */;
			compatibilityVersion = "Xcode 8.0";
			developmentRegion = en;
			hasScannedForEncodings = 0;
			knownRegions = (
				en,
				Base,
			);
			mainGroup = 50FF4F341FCECFDA0005FCA1;
			productRefGroup = 50FF4F3E1FCECFDA0005FCA1 /* Products */;
			projectDirPath = "";
			projectRoot = "";
			targets = (
				50FF4F3C1FCECFDA0005FCA1 /* TradeMeTest */,
			);
		};
/* End PBXProject section */

/* Begin PBXResourcesBuildPhase section */
		50FF4F3B1FCECFDA0005FCA1 /* Resources */ = {
			isa = PBXResourcesBuildPhase;
			buildActionMask = 2147483647;
			files = (
				50FF4F501FCECFDA0005FCA1 /* LaunchScreen.storyboard in Resources */,
				50FF4F4D1FCECFDA0005FCA1 /* Assets.xcassets in Resources */,
				50FF4F4B1FCECFDA0005FCA1 /* Main.storyboard in Resources */,
			);
			runOnlyForDeploymentPostprocessing = 0;
		};
/* End PBXResourcesBuildPhase section */

/* Begin PBXSourcesBuildPhase section */
		50FF4F391FCECFDA0005FCA1 /* Sources */ = {
			isa = PBXSourcesBuildPhase;
			buildActionMask = 2147483647;
			files = (
				50572BBF1FD2A3FB0098F515 /* ListingDetailsViewController.m in Sources */,
				50FF4F451FCECFDA0005FCA1 /* CategoryViewController.m in Sources */,
				50FF4F421FCECFDA0005FCA1 /* AppDelegate.m in Sources */,
				50FF4F531FCECFDA0005FCA1 /* main.m in Sources */,
				50572BB51FCEE08D0098F515 /* TMCategory.m in Sources */,
				50FF4F481FCECFDA0005FCA1 /* ListingsViewController.m in Sources */,
				50572BB81FD02D6D0098F515 /* TMListings.m in Sources */,
				50572BBC1FD299320098F515 /* TMListingDetails.m in Sources */,
			);
			runOnlyForDeploymentPostprocessing = 0;
		};
/* End PBXSourcesBuildPhase section */

/* Begin PBXVariantGroup section */
		50FF4F491FCECFDA0005FCA1 /* Main.storyboard */ = {
			isa = PBXVariantGroup;
			children = (
				50FF4F4A1FCECFDA0005FCA1 /* Base */,
			);
			name = Main.storyboard;
			sourceTree = "<group>";
		};
		50FF4F4E1FCECFDA0005FCA1 /* LaunchScreen.storyboard */ = {
			isa = PBXVariantGroup;
			children = (
				50FF4F4F1FCECFDA0005FCA1 /* Base */,
			);
			name = LaunchScreen.storyboard;
			sourceTree = "<group>";
		};
/* End PBXVariantGroup section */

/* Begin XCBuildConfiguration section */
		50FF4F541FCECFDA0005FCA1 /* Debug */ = {
			isa = XCBuildConfiguration;
			buildSettings = {
				ALWAYS_SEARCH_USER_PATHS = NO;
				CLANG_ANALYZER_NONNULL = YES;
				CLANG_ANALYZER_NUMBER_OBJECT_CONVERSION = YES_AGGRESSIVE;
				CLANG_CXX_LANGUAGE_STANDARD = "gnu++14";
				CLANG_CXX_LIBRARY = "libc++";
				CLANG_ENABLE_MODULES = YES;
				CLANG_ENABLE_OBJC_ARC = YES;
				CLANG_WARN_BLOCK_CAPTURE_AUTORELEASING = YES;
				CLANG_WARN_BOOL_CONVERSION = YES;
				CLANG_WARN_COMMA = YES;
				CLANG_WARN_CONSTANT_CONVERSION = YES;
				CLANG_WARN_DIRECT_OBJC_ISA_USAGE = YES_ERROR;
				CLANG_WARN_DOCUMENTATION_COMMENTS = YES;
				CLANG_WARN_EMPTY_BODY = YES;
				CLANG_WARN_ENUM_CONVERSION = YES;
				CLANG_WARN_INFINITE_RECURSION = YES;
				CLANG_WARN_INT_CONVERSION = YES;
				CLANG_WARN_NON_LITERAL_NULL_CONVERSION = YES;
				CLANG_WARN_OBJC_LITERAL_CONVERSION = YES;
				CLANG_WARN_OBJC_ROOT_CLASS = YES_ERROR;
				CLANG_WARN_RANGE_LOOP_ANALYSIS = YES;
				CLANG_WARN_STRICT_PROTOTYPES = YES;
				CLANG_WARN_SUSPICIOUS_MOVE = YES;
				CLANG_WARN_UNGUARDED_AVAILABILITY = YES_AGGRESSIVE;
				CLANG_WARN_UNREACHABLE_CODE = YES;
				CLANG_WARN__DUPLICATE_METHOD_MATCH = YES;
				CODE_SIGN_IDENTITY = "iPhone Developer";
				COPY_PHASE_STRIP = NO;
				DEBUG_INFORMATION_FORMAT = dwarf;
				ENABLE_STRICT_OBJC_MSGSEND = YES;
				ENABLE_TESTABILITY = YES;
				GCC_C_LANGUAGE_STANDARD = gnu11;
				GCC_DYNAMIC_NO_PIC = NO;
				GCC_NO_COMMON_BLOCKS = YES;
				GCC_OPTIMIZATION_LEVEL = 0;
				GCC_PREPROCESSOR_DEFINITIONS = (
					"DEBUG=1",
					"$(inherited)",
				);
				GCC_WARN_64_TO_32_BIT_CONVERSION = YES;
				GCC_WARN_ABOUT_RETURN_TYPE = YES_ERROR;
				GCC_WARN_UNDECLARED_SELECTOR = YES;
				GCC_WARN_UNINITIALIZED_AUTOS = YES_AGGRESSIVE;
				GCC_WARN_UNUSED_FUNCTION = YES;
				GCC_WARN_UNUSED_VARIABLE = YES;
				IPHONEOS_DEPLOYMENT_TARGET = 9.0;
				MTL_ENABLE_DEBUG_INFO = YES;
				ONLY_ACTIVE_ARCH = YES;
				SDKROOT = iphoneos;
			};
			name = Debug;
		};
		50FF4F551FCECFDA0005FCA1 /* Release */ = {
			isa = XCBuildConfiguration;
			buildSettings = {
				ALWAYS_SEARCH_USER_PATHS = NO;
				CLANG_ANALYZER_NONNULL = YES;
				CLANG_ANALYZER_NUMBER_OBJECT_CONVERSION = YES_AGGRESSIVE;
				CLANG_CXX_LANGUAGE_STANDARD = "gnu++14";
				CLANG_CXX_LIBRARY = "libc++";
				CLANG_ENABLE_MODULES = YES;
				CLANG_ENABLE_OBJC_ARC = YES;
				CLANG_WARN_BLOCK_CAPTURE_AUTORELEASING = YES;
				CLANG_WARN_BOOL_CONVERSION = YES;
				CLANG_WARN_COMMA = YES;
				CLANG_WARN_CONSTANT_CONVERSION = YES;
				CLANG_WARN_DIRECT_OBJC_ISA_USAGE = YES_ERROR;
				CLANG_WARN_DOCUMENTATION_COMMENTS = YES;
				CLANG_WARN_EMPTY_BODY = YES;
				CLANG_WARN_ENUM_CONVERSION = YES;
				CLANG_WARN_INFINITE_RECURSION = YES;
				CLANG_WARN_INT_CONVERSION = YES;
				CLANG_WARN_NON_LITERAL_NULL_CONVERSION = YES;
				CLANG_WARN_OBJC_LITERAL_CONVERSION = YES;
				CLANG_WARN_OBJC_ROOT_CLASS = YES_ERROR;
				CLANG_WARN_RANGE_LOOP_ANALYSIS = YES;
				CLANG_WARN_STRICT_PROTOTYPES = YES;
				CLANG_WARN_SUSPICIOUS_MOVE = YES;
				CLANG_WARN_UNGUARDED_AVAILABILITY = YES_AGGRESSIVE;
				CLANG_WARN_UNREACHABLE_CODE = YES;
				CLANG_WARN__DUPLICATE_METHOD_MATCH = YES;
				CODE_SIGN_IDENTITY = "iPhone Developer";
				COPY_PHASE_STRIP = NO;
				DEBUG_INFORMATION_FORMAT = "dwarf-with-dsym";
				ENABLE_NS_ASSERTIONS = NO;
				ENABLE_STRICT_OBJC_MSGSEND = YES;
				GCC_C_LANGUAGE_STANDARD = gnu11;
				GCC_NO_COMMON_BLOCKS = YES;
				GCC_WARN_64_TO_32_BIT_CONVERSION = YES;
				GCC_WARN_ABOUT_RETURN_TYPE = YES_ERROR;
				GCC_WARN_UNDECLARED_SELECTOR = YES;
				GCC_WARN_UNINITIALIZED_AUTOS = YES_AGGRESSIVE;
				GCC_WARN_UNUSED_FUNCTION = YES;
				GCC_WARN_UNUSED_VARIABLE = YES;
				IPHONEOS_DEPLOYMENT_TARGET = 9.0;
				MTL_ENABLE_DEBUG_INFO = NO;
				SDKROOT = iphoneos;
				VALIDATE_PRODUCT = YES;
			};
			name = Release;
		};
		50FF4F571FCECFDA0005FCA1 /* Debug */ = {
			isa = XCBuildConfiguration;
			buildSettings = {
				ASSETCATALOG_COMPILER_APPICON_NAME = AppIcon;
				CODE_SIGN_STYLE = Automatic;
				DEVELOPMENT_TEAM = 69K53ADJ4U;
				INFOPLIST_FILE = TradeMeTest/Info.plist;
				IPHONEOS_DEPLOYMENT_TARGET = 9.0;
				LD_RUNPATH_SEARCH_PATHS = "$(inherited) @executable_path/Frameworks";
				PRODUCT_BUNDLE_IDENTIFIER = com.smartphoneware.TradeMeTest;
				PRODUCT_NAME = "$(TARGET_NAME)";
				TARGETED_DEVICE_FAMILY = "1,2";
			};
			name = Debug;
		};
		50FF4F581FCECFDA0005FCA1 /* Release */ = {
			isa = XCBuildConfiguration;
			buildSettings = {
				ASSETCATALOG_COMPILER_APPICON_NAME = AppIcon;
				CODE_SIGN_STYLE = Automatic;
				DEVELOPMENT_TEAM = 69K53ADJ4U;
				INFOPLIST_FILE = TradeMeTest/Info.plist;
				IPHONEOS_DEPLOYMENT_TARGET = 9.0;
				LD_RUNPATH_SEARCH_PATHS = "$(inherited) @executable_path/Frameworks";
				PRODUCT_BUNDLE_IDENTIFIER = com.smartphoneware.TradeMeTest;
				PRODUCT_NAME = "$(TARGET_NAME)";
				TARGETED_DEVICE_FAMILY = "1,2";
			};
			name = Release;
		};
/* End XCBuildConfiguration section */

/* Begin XCConfigurationList section */
		50FF4F381FCECFDA0005FCA1 /* Build configuration list for PBXProject "TradeMeTest" */ = {
			isa = XCConfigurationList;
			buildConfigurations = (
				50FF4F541FCECFDA0005FCA1 /* Debug */,
				50FF4F551FCECFDA0005FCA1 /* Release */,
			);
			defaultConfigurationIsVisible = 0;
			defaultConfigurationName = Release;
		};
		50FF4F561FCECFDA0005FCA1 /* Build configuration list for PBXNativeTarget "TradeMeTest" */ = {
			isa = XCConfigurationList;
			buildConfigurations = (
				50FF4F571FCECFDA0005FCA1 /* Debug */,
				50FF4F581FCECFDA0005FCA1 /* Release */,
			);
			defaultConfigurationIsVisible = 0;
			defaultConfigurationName = Release;
		};
/* End XCConfigurationList section */
	};
	rootObject = 50FF4F351FCECFDA0005FCA1 /* Project object */;
}
